{
  "name": "NuminoInternship",
  "lockfileVersion": 2,
  "requires": true,
  "packages": {
    "": {
      "dependencies": {
        "sweetalert2": "^11.5.0"
      }
    },
    "node_modules/sweetalert2": {
      "version": "11.5.0",
      "resolved": "https://registry.npmjs.org/sweetalert2/-/sweetalert2-11.5.0.tgz",
      "integrity": "sha512-Ret0s0E8HMvGDkcHXnDVd8j7gijpGpuBhasiVzy+QAv+w0uEdFnjLMCfEOrIzbmVgeqxdzc6weBD0nucRGgKuA==",
      "funding": {
        "type": "individual",
        "url": "https://sweetalert2.github.io/#donations"
      }
    }
  },
  "dependencies": {
    "sweetalert2": {
      "version": "11.5.0",
      "resolved": "https://registry.npmjs.org/sweetalert2/-/sweetalert2-11.5.0.tgz",
      "integrity": "sha512-Ret0s0E8HMvGDkcHXnDVd8j7gijpGpuBhasiVzy+QAv+w0uEdFnjLMCfEOrIzbmVgeqxdzc6weBD0nucRGgKuA=="
    }
  }
}
